<?xml version="1.0" encoding="utf-8"?>
<Project ToolsVersion="4.0" xmlns="http://schemas.microsoft.com/developer/msbuild/2003">
  <ItemGroup>
    <ClCompile Include="main.cpp" />
    <ClCompile Include="configmanager\configmanager.cpp">
      <Filter>configmanager</Filter>
    </ClCompile>
    <ClCompile Include="utils\utils.cpp">
      <Filter>utils</Filter>
    </ClCompile>
  </ItemGroup>
  <ItemGroup>
    <Filter Include="request">
      <UniqueIdentifier>{c1f500b1-6010-4a1f-bf64-b839deffb04b}</UniqueIdentifier>
    </Filter>
    <Filter Include="rapidjson">
      <UniqueIdentifier>{8c7cb401-9c93-434c-acca-d922ff8bb2b3}</UniqueIdentifier>
    </Filter>
    <Filter Include="rapidjson\error">
      <UniqueIdentifier>{0f2108a5-3fac-4c77-8199-3e10157896f4}</UniqueIdentifier>
    </Filter>
    <Filter Include="rapidjson\internal">
      <UniqueIdentifier>{5efc35dd-bd16-4c84-bbb3-91b137dec4eb}</UniqueIdentifier>
    </Filter>
    <Filter Include="rapidjson\msinttypes">
      <UniqueIdentifier>{038d4898-94fc-471a-9ea1-8c3a4b1df4d0}</UniqueIdentifier>
    </Filter>
    <Filter Include="utils">
      <UniqueIdentifier>{50f53050-300b-4a21-8774-1b2260714df6}</UniqueIdentifier>
    </Filter>
    <Filter Include="configmanager">
      <UniqueIdentifier>{ad52dae1-daa0-48a6-8772-52f19b6b1890}</UniqueIdentifier>
    </Filter>
  </ItemGroup>
  <ItemGroup>
    <ClInclude Include="request\request.hpp">
      <Filter>request</Filter>
    </ClInclude>
    <ClInclude Include="rapidjson\allocators.h">
      <Filter>rapidjson</Filter>
    </ClInclude>
    <ClInclude Include="rapidjson\document.h">
      <Filter>rapidjson</Filter>
    </ClInclude>
    <ClInclude Include="rapidjson\encodedstream.h">
      <Filter>rapidjson</Filter>
    </ClInclude>
    <ClInclude Include="rapidjson\encodings.h">
      <Filter>rapidjson</Filter>
    </ClInclude>
    <ClInclude Include="rapidjson\filereadstream.h">
      <Filter>rapidjson</Filter>
    </ClInclude>
    <ClInclude Include="rapidjson\filewritestream.h">
      <Filter>rapidjson</Filter>
    </ClInclude>
    <ClInclude Include="rapidjson\fwd.h">
      <Filter>rapidjson</Filter>
    </ClInclude>
    <ClInclude Include="rapidjson\istreamwrapper.h">
      <Filter>rapidjson</Filter>
    </ClInclude>
    <ClInclude Include="rapidjson\memorybuffer.h">
      <Filter>rapidjson</Filter>
    </ClInclude>
    <ClInclude Include="rapidjson\memorystream.h">
      <Filter>rapidjson</Filter>
    </ClInclude>
    <ClInclude Include="rapidjson\ostreamwrapper.h">
      <Filter>rapidjson</Filter>
    </ClInclude>
    <ClInclude Include="rapidjson\pointer.h">
      <Filter>rapidjson</Filter>
    </ClInclude>
    <ClInclude Include="rapidjson\prettywriter.h">
      <Filter>rapidjson</Filter>
    </ClInclude>
    <ClInclude Include="rapidjson\rapidjson.h">
      <Filter>rapidjson</Filter>
    </ClInclude>
    <ClInclude Include="rapidjson\reader.h">
      <Filter>rapidjson</Filter>
    </ClInclude>
    <ClInclude Include="rapidjson\schema.h">
      <Filter>rapidjson</Filter>
    </ClInclude>
    <ClInclude Include="rapidjson\stream.h">
      <Filter>rapidjson</Filter>
    </ClInclude>
    <ClInclude Include="rapidjson\stringbuffer.h">
      <Filter>rapidjson</Filter>
    </ClInclude>
    <ClInclude Include="rapidjson\writer.h">
      <Filter>rapidjson</Filter>
    </ClInclude>
    <ClInclude Include="rapidjson\msinttypes\inttypes.h">
      <Filter>rapidjson\msinttypes</Filter>
    </ClInclude>
    <ClInclude Include="rapidjson\msinttypes\stdint.h">
      <Filter>rapidjson\msinttypes</Filter>
    </ClInclude>
    <ClInclude Include="rapidjson\internal\biginteger.h">
      <Filter>rapidjson\internal</Filter>
    </ClInclude>
    <ClInclude Include="rapidjson\internal\diyfp.h">
      <Filter>rapidjson\internal</Filter>
    </ClInclude>
    <ClInclude Include="rapidjson\internal\dtoa.h">
      <Filter>rapidjson\internal</Filter>
    </ClInclude>
    <ClInclude Include="rapidjson\internal\ieee754.h">
      <Filter>rapidjson\internal</Filter>
    </ClInclude>
    <ClInclude Include="rapidjson\internal\itoa.h">
      <Filter>rapidjson\internal</Filter>
    </ClInclude>
    <ClInclude Include="rapidjson\internal\meta.h">
      <Filter>rapidjson\internal</Filter>
    </ClInclude>
    <ClInclude Include="rapidjson\internal\pow10.h">
      <Filter>rapidjson\internal</Filter>
    </ClInclude>
    <ClInclude Include="rapidjson\internal\regex.h">
      <Filter>rapidjson\internal</Filter>
    </ClInclude>
    <ClInclude Include="rapidjson\internal\stack.h">
      <Filter>rapidjson\internal</Filter>
    </ClInclude>
    <ClInclude Include="rapidjson\internal\strfunc.h">
      <Filter>rapidjson\internal</Filter>
    </ClInclude>
    <ClInclude Include="rapidjson\internal\strtod.h">
      <Filter>rapidjson\internal</Filter>
    </ClInclude>
    <ClInclude Include="rapidjson\internal\swap.h">
      <Filter>rapidjson\internal</Filter>
    </ClInclude>
    <ClInclude Include="rapidjson\error\en.h">
      <Filter>rapidjson\error</Filter>
    </ClInclude>
    <ClInclude Include="rapidjson\error\error.h">
      <Filter>rapidjson\error</Filter>
    </ClInclude>
    <ClInclude Include="configmanager\configmanager.hpp">
      <Filter>configmanager</Filter>
    </ClInclude>
    <ClInclude Include="utils\utils.hpp">
      <Filter>utils</Filter>
    </ClInclude>
  </ItemGroup>
</Project>